
Microsoft Visual Studio Solution File, Format Version 12.00
# Visual Studio Version 17
VisualStudioVersion = 17.3.32922.545
MinimumVisualStudioVersion = 10.0.40219.1
Project("{FAE04EC0-301F-11D3-BF4B-00C04F79EFBC}") = "StackAndQueueBatch", "StackAndQueueBatch\StackAndQueueBatch.csproj", "{FFA69670-4179-4CC2-BD54-C0EE18C275DE}"
EndProject
Global
	GlobalSection(SolutionConfigurationPlatforms) = preSolution
		Debug|Any CPU = Debug|Any CPU
		Release|Any CPU = Release|Any CPU
	EndGlobalSection
	GlobalSection(ProjectConfigurationPlatforms) = postSolution
		{FFA69670-4179-4CC2-BD54-C0EE18C275DE}.Debug|Any CPU.ActiveCfg = Debug|Any CPU
		{FFA69670-4179-4CC2-BD54-C0EE18C275DE}.Debug|Any CPU.Build.0 = Debug|Any CPU
		{FFA69670-4179-4CC2-BD54-C0EE18C275DE}.Release|Any CPU.ActiveCfg = Release|Any CPU
		{FFA69670-4179-4CC2-BD54-C0EE18C275DE}.Release|Any CPU.Build.0 = Release|Any CPU
	EndGlobalSection
	GlobalSection(SolutionProperties) = preSolution
		HideSolutionNode = FALSE
	EndGlobalSection
	GlobalSection(ExtensibilityGlobals) = postSolution
		SolutionGuid = {95D1AD68-AF74-45CC-98DC-FEA36E176F12}
	EndGlobalSection
EndGlobal
